
Microsoft Visual Studio Solution File, Format Version 12.00
# Visual Studio Version 17
VisualStudioVersion = 17.9.34728.123
MinimumVisualStudioVersion = 10.0.40219.1
Project("{9A19103F-16F7-4668-BE54-9A1E7A4F7556}") = "electrigreen", "electrigreen.csproj", "{AEDB8FB2-FD2F-4335-BE80-9AE70F00FC0C}"
EndProject
Project("{9A19103F-16F7-4668-BE54-9A1E7A4F7556}") = "electrigreenAPI", "..\electrigreenAPI\electrigreenAPI.csproj", "{0C262FCF-8614-4840-A81B-4D7C494229D1}"
EndProject
Project("{FAE04EC0-301F-11D3-BF4B-00C04F79EFBC}") = "TestMenampilkanPerangkat", "..\TestMenampilkanPerangkat\TestMenampilkanPerangkat.csproj", "{7BBC3A62-69DB-473D-B76F-90E889D3A70B}"
EndProject
Global
	GlobalSection(SolutionConfigurationPlatforms) = preSolution
		Debug|Any CPU = Debug|Any CPU
		Release|Any CPU = Release|Any CPU
	EndGlobalSection
	GlobalSection(ProjectConfigurationPlatforms) = postSolution
		{AEDB8FB2-FD2F-4335-BE80-9AE70F00FC0C}.Debug|Any CPU.ActiveCfg = Debug|Any CPU
		{AEDB8FB2-FD2F-4335-BE80-9AE70F00FC0C}.Debug|Any CPU.Build.0 = Debug|Any CPU
		{AEDB8FB2-FD2F-4335-BE80-9AE70F00FC0C}.Release|Any CPU.ActiveCfg = Release|Any CPU
		{AEDB8FB2-FD2F-4335-BE80-9AE70F00FC0C}.Release|Any CPU.Build.0 = Release|Any CPU
		{0C262FCF-8614-4840-A81B-4D7C494229D1}.Debug|Any CPU.ActiveCfg = Debug|Any CPU
		{0C262FCF-8614-4840-A81B-4D7C494229D1}.Debug|Any CPU.Build.0 = Debug|Any CPU
		{0C262FCF-8614-4840-A81B-4D7C494229D1}.Release|Any CPU.ActiveCfg = Release|Any CPU
		{0C262FCF-8614-4840-A81B-4D7C494229D1}.Release|Any CPU.Build.0 = Release|Any CPU
		{7BBC3A62-69DB-473D-B76F-90E889D3A70B}.Debug|Any CPU.ActiveCfg = Debug|Any CPU
		{7BBC3A62-69DB-473D-B76F-90E889D3A70B}.Debug|Any CPU.Build.0 = Debug|Any CPU
		{7BBC3A62-69DB-473D-B76F-90E889D3A70B}.Release|Any CPU.ActiveCfg = Release|Any CPU
		{7BBC3A62-69DB-473D-B76F-90E889D3A70B}.Release|Any CPU.Build.0 = Release|Any CPU
	EndGlobalSection
	GlobalSection(SolutionProperties) = preSolution
		HideSolutionNode = FALSE
	EndGlobalSection
	GlobalSection(ExtensibilityGlobals) = postSolution
		SolutionGuid = {30F4E76F-2BF2-486D-8DD0-448FAF5152D8}
	EndGlobalSection
EndGlobal
